
Microsoft Visual Studio Solution File, Format Version 12.00
# Visual Studio Version 17
VisualStudioVersion = 17.14.36221.1
MinimumVisualStudioVersion = 10.0.40219.1
Project("{8BC9CEB8-8B4A-11D0-8D11-00A0C91BC942}") = "classic_dynamic_programming", "сlassic_dynamic_programming\сlassic_dynamic_programming.vcxproj", "{DADA17FA-602C-4D97-8FE7-FACFBD2F4903}"
EndProject
Project("{8BC9CEB8-8B4A-11D0-8D11-00A0C91BC942}") = "dynamic_programming + binary_search", "dynamic_programming + binary_search\dynamic_programming + binary_search.vcxproj", "{E8C4B489-4351-4BBF-939E-C10EE28DDD0D}"
EndProject
Global
	GlobalSection(SolutionConfigurationPlatforms) = preSolution
		Debug|x64 = Debug|x64
		Debug|x86 = Debug|x86
		Release|x64 = Release|x64
		Release|x86 = Release|x86
	EndGlobalSection
	GlobalSection(ProjectConfigurationPlatforms) = postSolution
		{DADA17FA-602C-4D97-8FE7-FACFBD2F4903}.Debug|x64.ActiveCfg = Debug|x64
		{DADA17FA-602C-4D97-8FE7-FACFBD2F4903}.Debug|x64.Build.0 = Debug|x64
		{DADA17FA-602C-4D97-8FE7-FACFBD2F4903}.Debug|x86.ActiveCfg = Debug|Win32
		{DADA17FA-602C-4D97-8FE7-FACFBD2F4903}.Debug|x86.Build.0 = Debug|Win32
		{DADA17FA-602C-4D97-8FE7-FACFBD2F4903}.Release|x64.ActiveCfg = Release|x64
		{DADA17FA-602C-4D97-8FE7-FACFBD2F4903}.Release|x64.Build.0 = Release|x64
		{DADA17FA-602C-4D97-8FE7-FACFBD2F4903}.Release|x86.ActiveCfg = Release|Win32
		{DADA17FA-602C-4D97-8FE7-FACFBD2F4903}.Release|x86.Build.0 = Release|Win32
		{E8C4B489-4351-4BBF-939E-C10EE28DDD0D}.Debug|x64.ActiveCfg = Debug|x64
		{E8C4B489-4351-4BBF-939E-C10EE28DDD0D}.Debug|x64.Build.0 = Debug|x64
		{E8C4B489-4351-4BBF-939E-C10EE28DDD0D}.Debug|x86.ActiveCfg = Debug|Win32
		{E8C4B489-4351-4BBF-939E-C10EE28DDD0D}.Debug|x86.Build.0 = Debug|Win32
		{E8C4B489-4351-4BBF-939E-C10EE28DDD0D}.Release|x64.ActiveCfg = Release|x64
		{E8C4B489-4351-4BBF-939E-C10EE28DDD0D}.Release|x64.Build.0 = Release|x64
		{E8C4B489-4351-4BBF-939E-C10EE28DDD0D}.Release|x86.ActiveCfg = Release|Win32
		{E8C4B489-4351-4BBF-939E-C10EE28DDD0D}.Release|x86.Build.0 = Release|Win32
	EndGlobalSection
	GlobalSection(SolutionProperties) = preSolution
		HideSolutionNode = FALSE
	EndGlobalSection
	GlobalSection(ExtensibilityGlobals) = postSolution
		SolutionGuid = {720B2B19-06E3-457D-93F1-8973EC232398}
	EndGlobalSection
EndGlobal
